// !$*UTF8*$!
{
	archiveVersion = 1;
	classes = {
	};
	objectVersion = 48;
	objects = {

/* Begin PBXBuildFile section */
		50DF191B1FB77CE50088261C /* AppDelegate.swift in Sources */ = {isa = PBXBuildFile; fileRef = 50DF191A1FB77CE50088261C /* AppDelegate.swift */; };
		50DF191D1FB77CE50088261C /* ViewController.swift in Sources */ = {isa = PBXBuildFile; fileRef = 50DF191C1FB77CE50088261C /* ViewController.swift */; };
		50DF19201FB77CE50088261C /* Main.storyboard in Resources */ = {isa = PBXBuildFile; fileRef = 50DF191E1FB77CE50088261C /* Main.storyboard */; };
		50DF19231FB77CE50088261C /* TheyKilledKenny.xcdatamodeld in Sources */ = {isa = PBXBuildFile; fileRef = 50DF19211FB77CE50088261C /* TheyKilledKenny.xcdatamodeld */; };
		50DF19251FB77CE50088261C /* Assets.xcassets in Resources */ = {isa = PBXBuildFile; fileRef = 50DF19241FB77CE50088261C /* Assets.xcassets */; };
		50DF19281FB77CE50088261C /* LaunchScreen.storyboard in Resources */ = {isa = PBXBuildFile; fileRef = 50DF19261FB77CE50088261C /* LaunchScreen.storyboard */; };
		50DF19301FB7BC2A0088261C /* UITabBarViewController.swift in Sources */ = {isa = PBXBuildFile; fileRef = 50DF192F1FB7BC2A0088261C /* UITabBarViewController.swift */; };
/* End PBXBuildFile section */

/* Begin PBXFileReference section */
		50DF19171FB77CE50088261C /* TheyKilledKenny.app */ = {isa = PBXFileReference; explicitFileType = wrapper.application; includeInIndex = 0; path = TheyKilledKenny.app; sourceTree = BUILT_PRODUCTS_DIR; };
		50DF191A1FB77CE50088261C /* AppDelegate.swift */ = {isa = PBXFileReference; lastKnownFileType = sourcecode.swift; path = AppDelegate.swift; sourceTree = "<group>"; };
		50DF191C1FB77CE50088261C /* ViewController.swift */ = {isa = PBXFileReference; lastKnownFileType = sourcecode.swift; path = ViewController.swift; sourceTree = "<group>"; };
		50DF191F1FB77CE50088261C /* Base */ = {isa = PBXFileReference; lastKnownFileType = file.storyboard; name = Base; path = Base.lproj/Main.storyboard; sourceTree = "<group>"; };
		50DF19221FB77CE50088261C /* TheyKilledKenny.xcdatamodel */ = {isa = PBXFileReference; lastKnownFileType = wrapper.xcdatamodel; path = TheyKilledKenny.xcdatamodel; sourceTree = "<group>"; };
		50DF19241FB77CE50088261C /* Assets.xcassets */ = {isa = PBXFileReference; lastKnownFileType = folder.assetcatalog; path = Assets.xcassets; sourceTree = "<group>"; };
		50DF19271FB77CE50088261C /* Base */ = {isa = PBXFileReference; lastKnownFileType = file.storyboard; name = Base; path = Base.lproj/LaunchScreen.storyboard; sourceTree = "<group>"; };
		50DF19291FB77CE50088261C /* Info.plist */ = {isa = PBXFileReference; lastKnownFileType = text.plist.xml; path = Info.plist; sourceTree = "<group>"; };
		50DF192F1FB7BC2A0088261C /* UITabBarViewController.swift */ = {isa = PBXFileReference; lastKnownFileType = sourcecode.swift; path = UITabBarViewController.swift; sourceTree = "<group>"; };
/* End PBXFileReference section */

/* Begin PBXFrameworksBuildPhase section */
		50DF19141FB77CE50088261C /* Frameworks */ = {
			isa = PBXFrameworksBuildPhase;
			buildActionMask = 2147483647;
			files = (
			);
			runOnlyForDeploymentPostprocessing = 0;
		};
/* End PBXFrameworksBuildPhase section */

/* Begin PBXGroup section */
		50DF190E1FB77CE50088261C = {
			isa = PBXGroup;
			children = (
				50DF19191FB77CE50088261C /* TheyKilledKenny */,
				50DF19181FB77CE50088261C /* Products */,
			);
			sourceTree = "<group>";
		};
		50DF19181FB77CE50088261C /* Products */ = {
			isa = PBXGroup;
			children = (
				50DF19171FB77CE50088261C /* TheyKilledKenny.app */,
			);
			name = Products;
			sourceTree = "<group>";
		};
		50DF19191FB77CE50088261C /* TheyKilledKenny */ = {
			isa = PBXGroup;
			children = (
				50DF191A1FB77CE50088261C /* AppDelegate.swift */,
				50DF191C1FB77CE50088261C /* ViewController.swift */,
				50DF192F1FB7BC2A0088261C /* UITabBarViewController.swift */,
				50DF191E1FB77CE50088261C /* Main.storyboard */,
				50DF19241FB77CE50088261C /* Assets.xcassets */,
				50DF19261FB77CE50088261C /* LaunchScreen.storyboard */,
				50DF19291FB77CE50088261C /* Info.plist */,
				50DF19211FB77CE50088261C /* TheyKilledKenny.xcdatamodeld */,
			);
			path = TheyKilledKenny;
			sourceTree = "<group>";
		};
/* End PBXGroup section */

/* Begin PBXNativeTarget section */
		50DF19161FB77CE50088261C /* TheyKilledKenny */ = {
			isa = PBXNativeTarget;
			buildConfigurationList = 50DF192C1FB77CE50088261C /* Build configuration list for PBXNativeTarget "TheyKilledKenny" */;
			buildPhases = (
				50DF19131FB77CE50088261C /* Sources */,
				50DF19141FB77CE50088261C /* Frameworks */,
				50DF19151FB77CE50088261C /* Resources */,
			);
			buildRules = (
			);
			dependencies = (
			);
			name = TheyKilledKenny;
			productName = TheyKilledKenny;
			productReference = 50DF19171FB77CE50088261C /* TheyKilledKenny.app */;
			productType = "com.apple.product-type.application";
		};
/* End PBXNativeTarget section */

/* Begin PBXProject section */
		50DF190F1FB77CE50088261C /* Project object */ = {
			isa = PBXProject;
			attributes = {
				LastSwiftUpdateCheck = 0910;
				LastUpgradeCheck = 0910;
				ORGANIZATIONNAME = "Maxim Dvortsov";
				TargetAttributes = {
					50DF19161FB77CE50088261C = {
						CreatedOnToolsVersion = 9.1;
						ProvisioningStyle = Automatic;
					};
				};
			};
			buildConfigurationList = 50DF19121FB77CE50088261C /* Build configuration list for PBXProject "TheyKilledKenny" */;
			compatibilityVersion = "Xcode 8.0";
			developmentRegion = en;
			hasScannedForEncodings = 0;
			knownRegions = (
				en,
				Base,
			);
			mainGroup = 50DF190E1FB77CE50088261C;
			productRefGroup = 50DF19181FB77CE50088261C /* Products */;
			projectDirPath = "";
			projectRoot = "";
			targets = (
				50DF19161FB77CE50088261C /* TheyKilledKenny */,
			);
		};
/* End PBXProject section */

/* Begin PBXResourcesBuildPhase section */
		50DF19151FB77CE50088261C /* Resources */ = {
			isa = PBXResourcesBuildPhase;
			buildActionMask = 2147483647;
			files = (
				50DF19281FB77CE50088261C /* LaunchScreen.storyboard in Resources */,
				50DF19251FB77CE50088261C /* Assets.xcassets in Resources */,
				50DF19201FB77CE50088261C /* Main.storyboard in Resources */,
			);
			runOnlyForDeploymentPostprocessing = 0;
		};
/* End PBXResourcesBuildPhase section */

/* Begin PBXSourcesBuildPhase section */
		50DF19131FB77CE50088261C /* Sources */ = {
			isa = PBXSourcesBuildPhase;
			buildActionMask = 2147483647;
			files = (
				50DF19301FB7BC2A0088261C /* UITabBarViewController.swift in Sources */,
				50DF191D1FB77CE50088261C /* ViewController.swift in Sources */,
				50DF191B1FB77CE50088261C /* AppDelegate.swift in Sources */,
				50DF19231FB77CE50088261C /* TheyKilledKenny.xcdatamodeld in Sources */,
			);
			runOnlyForDeploymentPostprocessing = 0;
		};
/* End PBXSourcesBuildPhase section */

/* Begin PBXVariantGroup section */
		50DF191E1FB77CE50088261C /* Main.storyboard */ = {
			isa = PBXVariantGroup;
			children = (
				50DF191F1FB77CE50088261C /* Base */,
			);
			name = Main.storyboard;
			sourceTree = "<group>";
		};
		50DF19261FB77CE50088261C /* LaunchScreen.storyboard */ = {
			isa = PBXVariantGroup;
			children = (
				50DF19271FB77CE50088261C /* Base */,
			);
			name = LaunchScreen.storyboard;
			sourceTree = "<group>";
		};
/* End PBXVariantGroup section */

/* Begin XCBuildConfiguration section */
		50DF192A1FB77CE50088261C /* Debug */ = {
			isa = XCBuildConfiguration;
			buildSettings = {
				ALWAYS_SEARCH_USER_PATHS = NO;
				CLANG_ANALYZER_NONNULL = YES;
				CLANG_ANALYZER_NUMBER_OBJECT_CONVERSION = YES_AGGRESSIVE;
				CLANG_CXX_LANGUAGE_STANDARD = "gnu++14";
				CLANG_CXX_LIBRARY = "libc++";
				CLANG_ENABLE_MODULES = YES;
				CLANG_ENABLE_OBJC_ARC = YES;
				CLANG_WARN_BLOCK_CAPTURE_AUTORELEASING = YES;
				CLANG_WARN_BOOL_CONVERSION = YES;
				CLANG_WARN_COMMA = YES;
				CLANG_WARN_CONSTANT_CONVERSION = YES;
				CLANG_WARN_DIRECT_OBJC_ISA_USAGE = YES_ERROR;
				CLANG_WARN_DOCUMENTATION_COMMENTS = YES;
				CLANG_WARN_EMPTY_BODY = YES;
				CLANG_WARN_ENUM_CONVERSION = YES;
				CLANG_WARN_INFINITE_RECURSION = YES;
				CLANG_WARN_INT_CONVERSION = YES;
				CLANG_WARN_NON_LITERAL_NULL_CONVERSION = YES;
				CLANG_WARN_OBJC_LITERAL_CONVERSION = YES;
				CLANG_WARN_OBJC_ROOT_CLASS = YES_ERROR;
				CLANG_WARN_RANGE_LOOP_ANALYSIS = YES;
				CLANG_WARN_STRICT_PROTOTYPES = YES;
				CLANG_WARN_SUSPICIOUS_MOVE = YES;
				CLANG_WARN_UNGUARDED_AVAILABILITY = YES_AGGRESSIVE;
				CLANG_WARN_UNREACHABLE_CODE = YES;
				CLANG_WARN__DUPLICATE_METHOD_MATCH = YES;
				CODE_SIGN_IDENTITY = "iPhone Developer";
				COPY_PHASE_STRIP = NO;
				DEBUG_INFORMATION_FORMAT = dwarf;
				ENABLE_STRICT_OBJC_MSGSEND = YES;
				ENABLE_TESTABILITY = YES;
				GCC_C_LANGUAGE_STANDARD = gnu11;
				GCC_DYNAMIC_NO_PIC = NO;
				GCC_NO_COMMON_BLOCKS = YES;
				GCC_OPTIMIZATION_LEVEL = 0;
				GCC_PREPROCESSOR_DEFINITIONS = (
					"DEBUG=1",
					"$(inherited)",
				);
				GCC_WARN_64_TO_32_BIT_CONVERSION = YES;
				GCC_WARN_ABOUT_RETURN_TYPE = YES_ERROR;
				GCC_WARN_UNDECLARED_SELECTOR = YES;
				GCC_WARN_UNINITIALIZED_AUTOS = YES_AGGRESSIVE;
				GCC_WARN_UNUSED_FUNCTION = YES;
				GCC_WARN_UNUSED_VARIABLE = YES;
				IPHONEOS_DEPLOYMENT_TARGET = 11.1;
				MTL_ENABLE_DEBUG_INFO = YES;
				ONLY_ACTIVE_ARCH = YES;
				SDKROOT = iphoneos;
				SWIFT_ACTIVE_COMPILATION_CONDITIONS = DEBUG;
				SWIFT_OPTIMIZATION_LEVEL = "-Onone";
			};
			name = Debug;
		};
		50DF192B1FB77CE50088261C /* Release */ = {
			isa = XCBuildConfiguration;
			buildSettings = {
				ALWAYS_SEARCH_USER_PATHS = NO;
				CLANG_ANALYZER_NONNULL = YES;
				CLANG_ANALYZER_NUMBER_OBJECT_CONVERSION = YES_AGGRESSIVE;
				CLANG_CXX_LANGUAGE_STANDARD = "gnu++14";
				CLANG_CXX_LIBRARY = "libc++";
				CLANG_ENABLE_MODULES = YES;
				CLANG_ENABLE_OBJC_ARC = YES;
				CLANG_WARN_BLOCK_CAPTURE_AUTORELEASING = YES;
				CLANG_WARN_BOOL_CONVERSION = YES;
				CLANG_WARN_COMMA = YES;
				CLANG_WARN_CONSTANT_CONVERSION = YES;
				CLANG_WARN_DIRECT_OBJC_ISA_USAGE = YES_ERROR;
				CLANG_WARN_DOCUMENTATION_COMMENTS = YES;
				CLANG_WARN_EMPTY_BODY = YES;
				CLANG_WARN_ENUM_CONVERSION = YES;
				CLANG_WARN_INFINITE_RECURSION = YES;
				CLANG_WARN_INT_CONVERSION = YES;
				CLANG_WARN_NON_LITERAL_NULL_CONVERSION = YES;
				CLANG_WARN_OBJC_LITERAL_CONVERSION = YES;
				CLANG_WARN_OBJC_ROOT_CLASS = YES_ERROR;
				CLANG_WARN_RANGE_LOOP_ANALYSIS = YES;
				CLANG_WARN_STRICT_PROTOTYPES = YES;
				CLANG_WARN_SUSPICIOUS_MOVE = YES;
				CLANG_WARN_UNGUARDED_AVAILABILITY = YES_AGGRESSIVE;
				CLANG_WARN_UNREACHABLE_CODE = YES;
				CLANG_WARN__DUPLICATE_METHOD_MATCH = YES;
				CODE_SIGN_IDENTITY = "iPhone Developer";
				COPY_PHASE_STRIP = NO;
				DEBUG_INFORMATION_FORMAT = "dwarf-with-dsym";
				ENABLE_NS_ASSERTIONS = NO;
				ENABLE_STRICT_OBJC_MSGSEND = YES;
				GCC_C_LANGUAGE_STANDARD = gnu11;
				GCC_NO_COMMON_BLOCKS = YES;
				GCC_WARN_64_TO_32_BIT_CONVERSION = YES;
				GCC_WARN_ABOUT_RETURN_TYPE = YES_ERROR;
				GCC_WARN_UNDECLARED_SELECTOR = YES;
				GCC_WARN_UNINITIALIZED_AUTOS = YES_AGGRESSIVE;
				GCC_WARN_UNUSED_FUNCTION = YES;
				GCC_WARN_UNUSED_VARIABLE = YES;
				IPHONEOS_DEPLOYMENT_TARGET = 11.1;
				MTL_ENABLE_DEBUG_INFO = NO;
				SDKROOT = iphoneos;
				SWIFT_OPTIMIZATION_LEVEL = "-Owholemodule";
				VALIDATE_PRODUCT = YES;
			};
			name = Release;
		};
		50DF192D1FB77CE50088261C /* Debug */ = {
			isa = XCBuildConfiguration;
			buildSettings = {
				ASSETCATALOG_COMPILER_APPICON_NAME = AppIcon;
				CODE_SIGN_STYLE = Automatic;
				DEVELOPMENT_TEAM = LX5R2NNT4C;
				INFOPLIST_FILE = TheyKilledKenny/Info.plist;
				LD_RUNPATH_SEARCH_PATHS = "$(inherited) @executable_path/Frameworks";
				PRODUCT_BUNDLE_IDENTIFIER = max.TheyKilledKenny;
				PRODUCT_NAME = "$(TARGET_NAME)";
				SWIFT_VERSION = 4.0;
				TARGETED_DEVICE_FAMILY = "1,2";
			};
			name = Debug;
		};
		50DF192E1FB77CE50088261C /* Release */ = {
			isa = XCBuildConfiguration;
			buildSettings = {
				ASSETCATALOG_COMPILER_APPICON_NAME = AppIcon;
				CODE_SIGN_STYLE = Automatic;
				DEVELOPMENT_TEAM = LX5R2NNT4C;
				INFOPLIST_FILE = TheyKilledKenny/Info.plist;
				LD_RUNPATH_SEARCH_PATHS = "$(inherited) @executable_path/Frameworks";
				PRODUCT_BUNDLE_IDENTIFIER = max.TheyKilledKenny;
				PRODUCT_NAME = "$(TARGET_NAME)";
				SWIFT_VERSION = 4.0;
				TARGETED_DEVICE_FAMILY = "1,2";
			};
			name = Release;
		};
/* End XCBuildConfiguration section */

/* Begin XCConfigurationList section */
		50DF19121FB77CE50088261C /* Build configuration list for PBXProject "TheyKilledKenny" */ = {
			isa = XCConfigurationList;
			buildConfigurations = (
				50DF192A1FB77CE50088261C /* Debug */,
				50DF192B1FB77CE50088261C /* Release */,
			);
			defaultConfigurationIsVisible = 0;
			defaultConfigurationName = Release;
		};
		50DF192C1FB77CE50088261C /* Build configuration list for PBXNativeTarget "TheyKilledKenny" */ = {
			isa = XCConfigurationList;
			buildConfigurations = (
				50DF192D1FB77CE50088261C /* Debug */,
				50DF192E1FB77CE50088261C /* Release */,
			);
			defaultConfigurationIsVisible = 0;
			defaultConfigurationName = Release;
		};
/* End XCConfigurationList section */

/* Begin XCVersionGroup section */
		50DF19211FB77CE50088261C /* TheyKilledKenny.xcdatamodeld */ = {
			isa = XCVersionGroup;
			children = (
				50DF19221FB77CE50088261C /* TheyKilledKenny.xcdatamodel */,
			);
			currentVersion = 50DF19221FB77CE50088261C /* TheyKilledKenny.xcdatamodel */;
			path = TheyKilledKenny.xcdatamodeld;
			sourceTree = "<group>";
			versionGroupType = wrapper.xcdatamodel;
		};
/* End XCVersionGroup section */
	};
	rootObject = 50DF190F1FB77CE50088261C /* Project object */;
}
